// !$*UTF8*$!
{
	archiveVersion = 1;
	classes = {
	};
	objectVersion = 50;
	objects = {

/* Begin PBXBuildFile section */
		1048413C227E789400859B50 /* AppDelegate.swift in Sources */ = {isa = PBXBuildFile; fileRef = 1048413B227E789400859B50 /* AppDelegate.swift */; };
		1048413E227E789400859B50 /* ViewController.swift in Sources */ = {isa = PBXBuildFile; fileRef = 1048413D227E789400859B50 /* ViewController.swift */; };
		10484141227E789400859B50 /* Main.storyboard in Resources */ = {isa = PBXBuildFile; fileRef = 1048413F227E789400859B50 /* Main.storyboard */; };
		10484143227E789600859B50 /* Assets.xcassets in Resources */ = {isa = PBXBuildFile; fileRef = 10484142227E789600859B50 /* Assets.xcassets */; };
		10484146227E789600859B50 /* LaunchScreen.storyboard in Resources */ = {isa = PBXBuildFile; fileRef = 10484144227E789600859B50 /* LaunchScreen.storyboard */; };
		10484151227E789600859B50 /* ssoTests.swift in Sources */ = {isa = PBXBuildFile; fileRef = 10484150227E789600859B50 /* ssoTests.swift */; };
		1048415C227E789600859B50 /* ssoUITests.swift in Sources */ = {isa = PBXBuildFile; fileRef = 1048415B227E789600859B50 /* ssoUITests.swift */; };
/* End PBXBuildFile section */

/* Begin PBXContainerItemProxy section */
		1048414D227E789600859B50 /* PBXContainerItemProxy */ = {
			isa = PBXContainerItemProxy;
			containerPortal = 10484130227E789400859B50 /* Project object */;
			proxyType = 1;
			remoteGlobalIDString = 10484137227E789400859B50;
			remoteInfo = sso;
		};
		10484158227E789600859B50 /* PBXContainerItemProxy */ = {
			isa = PBXContainerItemProxy;
			containerPortal = 10484130227E789400859B50 /* Project object */;
			proxyType = 1;
			remoteGlobalIDString = 10484137227E789400859B50;
			remoteInfo = sso;
		};
/* End PBXContainerItemProxy section */

/* Begin PBXFileReference section */
		10484138227E789400859B50 /* sso.app */ = {isa = PBXFileReference; explicitFileType = wrapper.application; includeInIndex = 0; path = sso.app; sourceTree = BUILT_PRODUCTS_DIR; };
		1048413B227E789400859B50 /* AppDelegate.swift */ = {isa = PBXFileReference; lastKnownFileType = sourcecode.swift; path = AppDelegate.swift; sourceTree = "<group>"; };
		1048413D227E789400859B50 /* ViewController.swift */ = {isa = PBXFileReference; lastKnownFileType = sourcecode.swift; path = ViewController.swift; sourceTree = "<group>"; };
		10484140227E789400859B50 /* Base */ = {isa = PBXFileReference; lastKnownFileType = file.storyboard; name = Base; path = Base.lproj/Main.storyboard; sourceTree = "<group>"; };
		10484142227E789600859B50 /* Assets.xcassets */ = {isa = PBXFileReference; lastKnownFileType = folder.assetcatalog; path = Assets.xcassets; sourceTree = "<group>"; };
		10484145227E789600859B50 /* Base */ = {isa = PBXFileReference; lastKnownFileType = file.storyboard; name = Base; path = Base.lproj/LaunchScreen.storyboard; sourceTree = "<group>"; };
		10484147227E789600859B50 /* Info.plist */ = {isa = PBXFileReference; lastKnownFileType = text.plist.xml; path = Info.plist; sourceTree = "<group>"; };
		1048414C227E789600859B50 /* ssoTests.xctest */ = {isa = PBXFileReference; explicitFileType = wrapper.cfbundle; includeInIndex = 0; path = ssoTests.xctest; sourceTree = BUILT_PRODUCTS_DIR; };
		10484150227E789600859B50 /* ssoTests.swift */ = {isa = PBXFileReference; lastKnownFileType = sourcecode.swift; path = ssoTests.swift; sourceTree = "<group>"; };
		10484152227E789600859B50 /* Info.plist */ = {isa = PBXFileReference; lastKnownFileType = text.plist.xml; path = Info.plist; sourceTree = "<group>"; };
		10484157227E789600859B50 /* ssoUITests.xctest */ = {isa = PBXFileReference; explicitFileType = wrapper.cfbundle; includeInIndex = 0; path = ssoUITests.xctest; sourceTree = BUILT_PRODUCTS_DIR; };
		1048415B227E789600859B50 /* ssoUITests.swift */ = {isa = PBXFileReference; lastKnownFileType = sourcecode.swift; path = ssoUITests.swift; sourceTree = "<group>"; };
		1048415D227E789600859B50 /* Info.plist */ = {isa = PBXFileReference; lastKnownFileType = text.plist.xml; path = Info.plist; sourceTree = "<group>"; };
/* End PBXFileReference section */

/* Begin PBXFrameworksBuildPhase section */
		10484135227E789400859B50 /* Frameworks */ = {
			isa = PBXFrameworksBuildPhase;
			buildActionMask = 2147483647;
			files = (
			);
			runOnlyForDeploymentPostprocessing = 0;
		};
		10484149227E789600859B50 /* Frameworks */ = {
			isa = PBXFrameworksBuildPhase;
			buildActionMask = 2147483647;
			files = (
			);
			runOnlyForDeploymentPostprocessing = 0;
		};
		10484154227E789600859B50 /* Frameworks */ = {
			isa = PBXFrameworksBuildPhase;
			buildActionMask = 2147483647;
			files = (
			);
			runOnlyForDeploymentPostprocessing = 0;
		};
/* End PBXFrameworksBuildPhase section */

/* Begin PBXGroup section */
		1048412F227E789400859B50 = {
			isa = PBXGroup;
			children = (
				1048413A227E789400859B50 /* sso */,
				1048414F227E789600859B50 /* ssoTests */,
				1048415A227E789600859B50 /* ssoUITests */,
				10484139227E789400859B50 /* Products */,
			);
			sourceTree = "<group>";
		};
		10484139227E789400859B50 /* Products */ = {
			isa = PBXGroup;
			children = (
				10484138227E789400859B50 /* sso.app */,
				1048414C227E789600859B50 /* ssoTests.xctest */,
				10484157227E789600859B50 /* ssoUITests.xctest */,
			);
			name = Products;
			sourceTree = "<group>";
		};
		1048413A227E789400859B50 /* sso */ = {
			isa = PBXGroup;
			children = (
				1048413B227E789400859B50 /* AppDelegate.swift */,
				1048413D227E789400859B50 /* ViewController.swift */,
				1048413F227E789400859B50 /* Main.storyboard */,
				10484142227E789600859B50 /* Assets.xcassets */,
				10484144227E789600859B50 /* LaunchScreen.storyboard */,
				10484147227E789600859B50 /* Info.plist */,
			);
			path = sso;
			sourceTree = "<group>";
		};
		1048414F227E789600859B50 /* ssoTests */ = {
			isa = PBXGroup;
			children = (
				10484150227E789600859B50 /* ssoTests.swift */,
				10484152227E789600859B50 /* Info.plist */,
			);
			path = ssoTests;
			sourceTree = "<group>";
		};
		1048415A227E789600859B50 /* ssoUITests */ = {
			isa = PBXGroup;
			children = (
				1048415B227E789600859B50 /* ssoUITests.swift */,
				1048415D227E789600859B50 /* Info.plist */,
			);
			path = ssoUITests;
			sourceTree = "<group>";
		};
/* End PBXGroup section */

/* Begin PBXNativeTarget section */
		10484137227E789400859B50 /* sso */ = {
			isa = PBXNativeTarget;
			buildConfigurationList = 10484160227E789600859B50 /* Build configuration list for PBXNativeTarget "sso" */;
			buildPhases = (
				10484134227E789400859B50 /* Sources */,
				10484135227E789400859B50 /* Frameworks */,
				10484136227E789400859B50 /* Resources */,
			);
			buildRules = (
			);
			dependencies = (
			);
			name = sso;
			productName = sso;
			productReference = 10484138227E789400859B50 /* sso.app */;
			productType = "com.apple.product-type.application";
		};
		1048414B227E789600859B50 /* ssoTests */ = {
			isa = PBXNativeTarget;
			buildConfigurationList = 10484163227E789600859B50 /* Build configuration list for PBXNativeTarget "ssoTests" */;
			buildPhases = (
				10484148227E789600859B50 /* Sources */,
				10484149227E789600859B50 /* Frameworks */,
				1048414A227E789600859B50 /* Resources */,
			);
			buildRules = (
			);
			dependencies = (
				1048414E227E789600859B50 /* PBXTargetDependency */,
			);
			name = ssoTests;
			productName = ssoTests;
			productReference = 1048414C227E789600859B50 /* ssoTests.xctest */;
			productType = "com.apple.product-type.bundle.unit-test";
		};
		10484156227E789600859B50 /* ssoUITests */ = {
			isa = PBXNativeTarget;
			buildConfigurationList = 10484166227E789600859B50 /* Build configuration list for PBXNativeTarget "ssoUITests" */;
			buildPhases = (
				10484153227E789600859B50 /* Sources */,
				10484154227E789600859B50 /* Frameworks */,
				10484155227E789600859B50 /* Resources */,
			);
			buildRules = (
			);
			dependencies = (
				10484159227E789600859B50 /* PBXTargetDependency */,
			);
			name = ssoUITests;
			productName = ssoUITests;
			productReference = 10484157227E789600859B50 /* ssoUITests.xctest */;
			productType = "com.apple.product-type.bundle.ui-testing";
		};
/* End PBXNativeTarget section */

/* Begin PBXProject section */
		10484130227E789400859B50 /* Project object */ = {
			isa = PBXProject;
			attributes = {
				LastSwiftUpdateCheck = 1020;
				LastUpgradeCheck = 1020;
				ORGANIZATIONNAME = "Chulalongkorn University";
				TargetAttributes = {
					10484137227E789400859B50 = {
						CreatedOnToolsVersion = 10.2.1;
					};
					1048414B227E789600859B50 = {
						CreatedOnToolsVersion = 10.2.1;
						TestTargetID = 10484137227E789400859B50;
					};
					10484156227E789600859B50 = {
						CreatedOnToolsVersion = 10.2.1;
						TestTargetID = 10484137227E789400859B50;
					};
				};
			};
			buildConfigurationList = 10484133227E789400859B50 /* Build configuration list for PBXProject "sso" */;
			compatibilityVersion = "Xcode 9.3";
			developmentRegion = en;
			hasScannedForEncodings = 0;
			knownRegions = (
				en,
				Base,
			);
			mainGroup = 1048412F227E789400859B50;
			productRefGroup = 10484139227E789400859B50 /* Products */;
			projectDirPath = "";
			projectRoot = "";
			targets = (
				10484137227E789400859B50 /* sso */,
				1048414B227E789600859B50 /* ssoTests */,
				10484156227E789600859B50 /* ssoUITests */,
			);
		};
/* End PBXProject section */

/* Begin PBXResourcesBuildPhase section */
		10484136227E789400859B50 /* Resources */ = {
			isa = PBXResourcesBuildPhase;
			buildActionMask = 2147483647;
			files = (
				10484146227E789600859B50 /* LaunchScreen.storyboard in Resources */,
				10484143227E789600859B50 /* Assets.xcassets in Resources */,
				10484141227E789400859B50 /* Main.storyboard in Resources */,
			);
			runOnlyForDeploymentPostprocessing = 0;
		};
		1048414A227E789600859B50 /* Resources */ = {
			isa = PBXResourcesBuildPhase;
			buildActionMask = 2147483647;
			files = (
			);
			runOnlyForDeploymentPostprocessing = 0;
		};
		10484155227E789600859B50 /* Resources */ = {
			isa = PBXResourcesBuildPhase;
			buildActionMask = 2147483647;
			files = (
			);
			runOnlyForDeploymentPostprocessing = 0;
		};
/* End PBXResourcesBuildPhase section */

/* Begin PBXSourcesBuildPhase section */
		10484134227E789400859B50 /* Sources */ = {
			isa = PBXSourcesBuildPhase;
			buildActionMask = 2147483647;
			files = (
				1048413E227E789400859B50 /* ViewController.swift in Sources */,
				1048413C227E789400859B50 /* AppDelegate.swift in Sources */,
			);
			runOnlyForDeploymentPostprocessing = 0;
		};
		10484148227E789600859B50 /* Sources */ = {
			isa = PBXSourcesBuildPhase;
			buildActionMask = 2147483647;
			files = (
				10484151227E789600859B50 /* ssoTests.swift in Sources */,
			);
			runOnlyForDeploymentPostprocessing = 0;
		};
		10484153227E789600859B50 /* Sources */ = {
			isa = PBXSourcesBuildPhase;
			buildActionMask = 2147483647;
			files = (
				1048415C227E789600859B50 /* ssoUITests.swift in Sources */,
			);
			runOnlyForDeploymentPostprocessing = 0;
		};
/* End PBXSourcesBuildPhase section */

/* Begin PBXTargetDependency section */
		1048414E227E789600859B50 /* PBXTargetDependency */ = {
			isa = PBXTargetDependency;
			target = 10484137227E789400859B50 /* sso */;
			targetProxy = 1048414D227E789600859B50 /* PBXContainerItemProxy */;
		};
		10484159227E789600859B50 /* PBXTargetDependency */ = {
			isa = PBXTargetDependency;
			target = 10484137227E789400859B50 /* sso */;
			targetProxy = 10484158227E789600859B50 /* PBXContainerItemProxy */;
		};
/* End PBXTargetDependency section */

/* Begin PBXVariantGroup section */
		1048413F227E789400859B50 /* Main.storyboard */ = {
			isa = PBXVariantGroup;
			children = (
				10484140227E789400859B50 /* Base */,
			);
			name = Main.storyboard;
			sourceTree = "<group>";
		};
		10484144227E789600859B50 /* LaunchScreen.storyboard */ = {
			isa = PBXVariantGroup;
			children = (
				10484145227E789600859B50 /* Base */,
			);
			name = LaunchScreen.storyboard;
			sourceTree = "<group>";
		};
/* End PBXVariantGroup section */

/* Begin XCBuildConfiguration section */
		1048415E227E789600859B50 /* Debug */ = {
			isa = XCBuildConfiguration;
			buildSettings = {
				ALWAYS_SEARCH_USER_PATHS = NO;
				CLANG_ANALYZER_NONNULL = YES;
				CLANG_ANALYZER_NUMBER_OBJECT_CONVERSION = YES_AGGRESSIVE;
				CLANG_CXX_LANGUAGE_STANDARD = "gnu++14";
				CLANG_CXX_LIBRARY = "libc++";
				CLANG_ENABLE_MODULES = YES;
				CLANG_ENABLE_OBJC_ARC = YES;
				CLANG_ENABLE_OBJC_WEAK = YES;
				CLANG_WARN_BLOCK_CAPTURE_AUTORELEASING = YES;
				CLANG_WARN_BOOL_CONVERSION = YES;
				CLANG_WARN_COMMA = YES;
				CLANG_WARN_CONSTANT_CONVERSION = YES;
				CLANG_WARN_DEPRECATED_OBJC_IMPLEMENTATIONS = YES;
				CLANG_WARN_DIRECT_OBJC_ISA_USAGE = YES_ERROR;
				CLANG_WARN_DOCUMENTATION_COMMENTS = YES;
				CLANG_WARN_EMPTY_BODY = YES;
				CLANG_WARN_ENUM_CONVERSION = YES;
				CLANG_WARN_INFINITE_RECURSION = YES;
				CLANG_WARN_INT_CONVERSION = YES;
				CLANG_WARN_NON_LITERAL_NULL_CONVERSION = YES;
				CLANG_WARN_OBJC_IMPLICIT_RETAIN_SELF = YES;
				CLANG_WARN_OBJC_LITERAL_CONVERSION = YES;
				CLANG_WARN_OBJC_ROOT_CLASS = YES_ERROR;
				CLANG_WARN_RANGE_LOOP_ANALYSIS = YES;
				CLANG_WARN_STRICT_PROTOTYPES = YES;
				CLANG_WARN_SUSPICIOUS_MOVE = YES;
				CLANG_WARN_UNGUARDED_AVAILABILITY = YES_AGGRESSIVE;
				CLANG_WARN_UNREACHABLE_CODE = YES;
				CLANG_WARN__DUPLICATE_METHOD_MATCH = YES;
				CODE_SIGN_IDENTITY = "iPhone Developer";
				COPY_PHASE_STRIP = NO;
				DEBUG_INFORMATION_FORMAT = dwarf;
				ENABLE_STRICT_OBJC_MSGSEND = YES;
				ENABLE_TESTABILITY = YES;
				GCC_C_LANGUAGE_STANDARD = gnu11;
				GCC_DYNAMIC_NO_PIC = NO;
				GCC_NO_COMMON_BLOCKS = YES;
				GCC_OPTIMIZATION_LEVEL = 0;
				GCC_PREPROCESSOR_DEFINITIONS = (
					"DEBUG=1",
					"$(inherited)",
				);
				GCC_WARN_64_TO_32_BIT_CONVERSION = YES;
				GCC_WARN_ABOUT_RETURN_TYPE = YES_ERROR;
				GCC_WARN_UNDECLARED_SELECTOR = YES;
				GCC_WARN_UNINITIALIZED_AUTOS = YES_AGGRESSIVE;
				GCC_WARN_UNUSED_FUNCTION = YES;
				GCC_WARN_UNUSED_VARIABLE = YES;
				IPHONEOS_DEPLOYMENT_TARGET = 12.2;
				MTL_ENABLE_DEBUG_INFO = INCLUDE_SOURCE;
				MTL_FAST_MATH = YES;
				ONLY_ACTIVE_ARCH = YES;
				SDKROOT = iphoneos;
				SWIFT_ACTIVE_COMPILATION_CONDITIONS = DEBUG;
				SWIFT_OPTIMIZATION_LEVEL = "-Onone";
			};
			name = Debug;
		};
		1048415F227E789600859B50 /* Release */ = {
			isa = XCBuildConfiguration;
			buildSettings = {
				ALWAYS_SEARCH_USER_PATHS = NO;
				CLANG_ANALYZER_NONNULL = YES;
				CLANG_ANALYZER_NUMBER_OBJECT_CONVERSION = YES_AGGRESSIVE;
				CLANG_CXX_LANGUAGE_STANDARD = "gnu++14";
				CLANG_CXX_LIBRARY = "libc++";
				CLANG_ENABLE_MODULES = YES;
				CLANG_ENABLE_OBJC_ARC = YES;
				CLANG_ENABLE_OBJC_WEAK = YES;
				CLANG_WARN_BLOCK_CAPTURE_AUTORELEASING = YES;
				CLANG_WARN_BOOL_CONVERSION = YES;
				CLANG_WARN_COMMA = YES;
				CLANG_WARN_CONSTANT_CONVERSION = YES;
				CLANG_WARN_DEPRECATED_OBJC_IMPLEMENTATIONS = YES;
				CLANG_WARN_DIRECT_OBJC_ISA_USAGE = YES_ERROR;
				CLANG_WARN_DOCUMENTATION_COMMENTS = YES;
				CLANG_WARN_EMPTY_BODY = YES;
				CLANG_WARN_ENUM_CONVERSION = YES;
				CLANG_WARN_INFINITE_RECURSION = YES;
				CLANG_WARN_INT_CONVERSION = YES;
				CLANG_WARN_NON_LITERAL_NULL_CONVERSION = YES;
				CLANG_WARN_OBJC_IMPLICIT_RETAIN_SELF = YES;
				CLANG_WARN_OBJC_LITERAL_CONVERSION = YES;
				CLANG_WARN_OBJC_ROOT_CLASS = YES_ERROR;
				CLANG_WARN_RANGE_LOOP_ANALYSIS = YES;
				CLANG_WARN_STRICT_PROTOTYPES = YES;
				CLANG_WARN_SUSPICIOUS_MOVE = YES;
				CLANG_WARN_UNGUARDED_AVAILABILITY = YES_AGGRESSIVE;
				CLANG_WARN_UNREACHABLE_CODE = YES;
				CLANG_WARN__DUPLICATE_METHOD_MATCH = YES;
				CODE_SIGN_IDENTITY = "iPhone Developer";
				COPY_PHASE_STRIP = NO;
				DEBUG_INFORMATION_FORMAT = "dwarf-with-dsym";
				ENABLE_NS_ASSERTIONS = NO;
				ENABLE_STRICT_OBJC_MSGSEND = YES;
				GCC_C_LANGUAGE_STANDARD = gnu11;
				GCC_NO_COMMON_BLOCKS = YES;
				GCC_WARN_64_TO_32_BIT_CONVERSION = YES;
				GCC_WARN_ABOUT_RETURN_TYPE = YES_ERROR;
				GCC_WARN_UNDECLARED_SELECTOR = YES;
				GCC_WARN_UNINITIALIZED_AUTOS = YES_AGGRESSIVE;
				GCC_WARN_UNUSED_FUNCTION = YES;
				GCC_WARN_UNUSED_VARIABLE = YES;
				IPHONEOS_DEPLOYMENT_TARGET = 12.2;
				MTL_ENABLE_DEBUG_INFO = NO;
				MTL_FAST_MATH = YES;
				SDKROOT = iphoneos;
				SWIFT_COMPILATION_MODE = wholemodule;
				SWIFT_OPTIMIZATION_LEVEL = "-O";
				VALIDATE_PRODUCT = YES;
			};
			name = Release;
		};
		10484161227E789600859B50 /* Debug */ = {
			isa = XCBuildConfiguration;
			buildSettings = {
				ASSETCATALOG_COMPILER_APPICON_NAME = AppIcon;
				CODE_SIGN_STYLE = Automatic;
				DEVELOPMENT_TEAM = GCHU4UTN6D;
				INFOPLIST_FILE = sso/Info.plist;
				LD_RUNPATH_SEARCH_PATHS = (
					"$(inherited)",
					"@executable_path/Frameworks",
				);
				PRODUCT_BUNDLE_IDENTIFIER = th.ac.chula.sso;
				PRODUCT_NAME = "$(TARGET_NAME)";
				SWIFT_VERSION = 5.0;
				TARGETED_DEVICE_FAMILY = "1,2";
			};
			name = Debug;
		};
		10484162227E789600859B50 /* Release */ = {
			isa = XCBuildConfiguration;
			buildSettings = {
				ASSETCATALOG_COMPILER_APPICON_NAME = AppIcon;
				CODE_SIGN_STYLE = Automatic;
				DEVELOPMENT_TEAM = GCHU4UTN6D;
				INFOPLIST_FILE = sso/Info.plist;
				LD_RUNPATH_SEARCH_PATHS = (
					"$(inherited)",
					"@executable_path/Frameworks",
				);
				PRODUCT_BUNDLE_IDENTIFIER = th.ac.chula.sso;
				PRODUCT_NAME = "$(TARGET_NAME)";
				SWIFT_VERSION = 5.0;
				TARGETED_DEVICE_FAMILY = "1,2";
			};
			name = Release;
		};
		10484164227E789600859B50 /* Debug */ = {
			isa = XCBuildConfiguration;
			buildSettings = {
				ALWAYS_EMBED_SWIFT_STANDARD_LIBRARIES = YES;
				BUNDLE_LOADER = "$(TEST_HOST)";
				CODE_SIGN_STYLE = Automatic;
				DEVELOPMENT_TEAM = GCHU4UTN6D;
				INFOPLIST_FILE = ssoTests/Info.plist;
				LD_RUNPATH_SEARCH_PATHS = (
					"$(inherited)",
					"@executable_path/Frameworks",
					"@loader_path/Frameworks",
				);
				PRODUCT_BUNDLE_IDENTIFIER = th.ac.chula.ssoTests;
				PRODUCT_NAME = "$(TARGET_NAME)";
				SWIFT_VERSION = 5.0;
				TARGETED_DEVICE_FAMILY = "1,2";
				TEST_HOST = "$(BUILT_PRODUCTS_DIR)/sso.app/sso";
			};
			name = Debug;
		};
		10484165227E789600859B50 /* Release */ = {
			isa = XCBuildConfiguration;
			buildSettings = {
				ALWAYS_EMBED_SWIFT_STANDARD_LIBRARIES = YES;
				BUNDLE_LOADER = "$(TEST_HOST)";
				CODE_SIGN_STYLE = Automatic;
				DEVELOPMENT_TEAM = GCHU4UTN6D;
				INFOPLIST_FILE = ssoTests/Info.plist;
				LD_RUNPATH_SEARCH_PATHS = (
					"$(inherited)",
					"@executable_path/Frameworks",
					"@loader_path/Frameworks",
				);
				PRODUCT_BUNDLE_IDENTIFIER = th.ac.chula.ssoTests;
				PRODUCT_NAME = "$(TARGET_NAME)";
				SWIFT_VERSION = 5.0;
				TARGETED_DEVICE_FAMILY = "1,2";
				TEST_HOST = "$(BUILT_PRODUCTS_DIR)/sso.app/sso";
			};
			name = Release;
		};
		10484167227E789600859B50 /* Debug */ = {
			isa = XCBuildConfiguration;
			buildSettings = {
				ALWAYS_EMBED_SWIFT_STANDARD_LIBRARIES = YES;
				CODE_SIGN_STYLE = Automatic;
				DEVELOPMENT_TEAM = GCHU4UTN6D;
				INFOPLIST_FILE = ssoUITests/Info.plist;
				LD_RUNPATH_SEARCH_PATHS = (
					"$(inherited)",
					"@executable_path/Frameworks",
					"@loader_path/Frameworks",
				);
				PRODUCT_BUNDLE_IDENTIFIER = th.ac.chula.ssoUITests;
				PRODUCT_NAME = "$(TARGET_NAME)";
				SWIFT_VERSION = 5.0;
				TARGETED_DEVICE_FAMILY = "1,2";
				TEST_TARGET_NAME = sso;
			};
			name = Debug;
		};
		10484168227E789600859B50 /* Release */ = {
			isa = XCBuildConfiguration;
			buildSettings = {
				ALWAYS_EMBED_SWIFT_STANDARD_LIBRARIES = YES;
				CODE_SIGN_STYLE = Automatic;
				DEVELOPMENT_TEAM = GCHU4UTN6D;
				INFOPLIST_FILE = ssoUITests/Info.plist;
				LD_RUNPATH_SEARCH_PATHS = (
					"$(inherited)",
					"@executable_path/Frameworks",
					"@loader_path/Frameworks",
				);
				PRODUCT_BUNDLE_IDENTIFIER = th.ac.chula.ssoUITests;
				PRODUCT_NAME = "$(TARGET_NAME)";
				SWIFT_VERSION = 5.0;
				TARGETED_DEVICE_FAMILY = "1,2";
				TEST_TARGET_NAME = sso;
			};
			name = Release;
		};
/* End XCBuildConfiguration section */

/* Begin XCConfigurationList section */
		10484133227E789400859B50 /* Build configuration list for PBXProject "sso" */ = {
			isa = XCConfigurationList;
			buildConfigurations = (
				1048415E227E789600859B50 /* Debug */,
				1048415F227E789600859B50 /* Release */,
			);
			defaultConfigurationIsVisible = 0;
			defaultConfigurationName = Release;
		};
		10484160227E789600859B50 /* Build configuration list for PBXNativeTarget "sso" */ = {
			isa = XCConfigurationList;
			buildConfigurations = (
				10484161227E789600859B50 /* Debug */,
				10484162227E789600859B50 /* Release */,
			);
			defaultConfigurationIsVisible = 0;
			defaultConfigurationName = Release;
		};
		10484163227E789600859B50 /* Build configuration list for PBXNativeTarget "ssoTests" */ = {
			isa = XCConfigurationList;
			buildConfigurations = (
				10484164227E789600859B50 /* Debug */,
				10484165227E789600859B50 /* Release */,
			);
			defaultConfigurationIsVisible = 0;
			defaultConfigurationName = Release;
		};
		10484166227E789600859B50 /* Build configuration list for PBXNativeTarget "ssoUITests" */ = {
			isa = XCConfigurationList;
			buildConfigurations = (
				10484167227E789600859B50 /* Debug */,
				10484168227E789600859B50 /* Release */,
			);
			defaultConfigurationIsVisible = 0;
			defaultConfigurationName = Release;
		};
/* End XCConfigurationList section */
	};
	rootObject = 10484130227E789400859B50 /* Project object */;
}
